<?xml version="1.0" encoding="utf-8"?>
<Project ToolsVersion="4.0" xmlns="http://schemas.microsoft.com/developer/msbuild/2003">
  <ItemGroup>
    <Filter Include="Source Files">
      <UniqueIdentifier>{4FC737F1-C7A5-4376-A066-2A32D752A2FF}</UniqueIdentifier>
      <Extensions>qml;cpp;c;cc;cxx;def;odl;idl;hpj;bat;asm;asmx</Extensions>
    </Filter>
    <Filter Include="Header Files">
      <UniqueIdentifier>{93995380-89BD-4b04-88EB-625FBE52EBFB}</UniqueIdentifier>
      <Extensions>h;hh;hpp;hxx;hm;inl;inc;xsd</Extensions>
    </Filter>
    <Filter Include="Resource Files">
      <UniqueIdentifier>{67DA6AB6-F800-4c08-8B7A-83BB121AAD01}</UniqueIdentifier>
      <Extensions>qrc;rc;ico;cur;bmp;dlg;rc2;rct;bin;rgs;gif;jpg;jpeg;jpe;resx;tiff;tif;png;wav;mfcribbon-ms</Extensions>
    </Filter>
    <Filter Include="Form Files">
      <UniqueIdentifier>{99349809-55BA-4b9d-BF79-8FDBB0286EB3}</UniqueIdentifier>
      <Extensions>ui</Extensions>
    </Filter>
    <Filter Include="Translation Files">
      <UniqueIdentifier>{639EADAA-A684-42e4-A9AD-28FC9BCB8F7C}</UniqueIdentifier>
      <Extensions>ts</Extensions>
    </Filter>
    <Filter Include="Source Files\Bigint">
      <UniqueIdentifier>{a80f7059-98c4-48cb-bfcd-48326f35168c}</UniqueIdentifier>
    </Filter>
    <Filter Include="Source Files\Layouts">
      <UniqueIdentifier>{a65e5f9d-626c-4126-a0c4-cc725b290d6a}</UniqueIdentifier>
    </Filter>
    <Filter Include="Header Files\Layouts">
      <UniqueIdentifier>{13b72237-a2d3-4db0-bebc-feb83f3214a3}</UniqueIdentifier>
    </Filter>
    <Filter Include="Header Files\Bigint">
      <UniqueIdentifier>{9f16106c-40b0-4bce-a1dc-13eb4b8f5fb6}</UniqueIdentifier>
    </Filter>
  </ItemGroup>
  <ItemGroup>
    <ClCompile Include="Source Files\main.cpp">
      <Filter>Source Files</Filter>
    </ClCompile>
    <ClCompile Include="Source Files\my_calc.cpp">
      <Filter>Source Files</Filter>
    </ClCompile>
    <ClCompile Include="Source Files\Bitint.cpp">
      <Filter>Source Files\Bigint</Filter>
    </ClCompile>
    <ClCompile Include="Source Files\operator.cpp">
      <Filter>Source Files\Bigint</Filter>
    </ClCompile>
    <ClCompile Include="Source Files\LoanLayout.cpp">
      <Filter>Source Files\Layouts</Filter>
    </ClCompile>
    <ClCompile Include="Source Files\scienceLayout.cpp">
      <Filter>Source Files\Layouts</Filter>
    </ClCompile>
    <ClCompile Include="Source Files\MainLayout.cpp">
      <Filter>Source Files\Layouts</Filter>
    </ClCompile>
    <ClCompile Include="Source Files\BaseLayout.cpp">
      <Filter>Source Files\Layouts</Filter>
    </ClCompile>
  </ItemGroup>
  <ItemGroup>
    <QtRcc Include="Resource Files\my_calc.qrc">
      <Filter>Resource Files</Filter>
    </QtRcc>
  </ItemGroup>
  <ItemGroup>
    <ClInclude Include="Header Files\dependences.h">
      <Filter>Header Files</Filter>
    </ClInclude>
    <ClInclude Include="Header Files\Bigint.h">
      <Filter>Header Files\Bigint</Filter>
    </ClInclude>
  </ItemGroup>
  <ItemGroup>
    <QtMoc Include="Header Files\my_calc.h">
      <Filter>Header Files</Filter>
    </QtMoc>
    <QtMoc Include="Header Files\LoanLayout.h">
      <Filter>Header Files\Layouts</Filter>
    </QtMoc>
    <QtMoc Include="Header Files\MainLayout.h">
      <Filter>Header Files\Layouts</Filter>
    </QtMoc>
    <QtMoc Include="Header Files\ScienceLayout.h">
      <Filter>Header Files\Layouts</Filter>
    </QtMoc>
    <QtMoc Include="Header Files\BaseLayout.h">
      <Filter>Header Files\Layouts</Filter>
    </QtMoc>
  </ItemGroup>
  <ItemGroup>
    <QtUic Include="Form Files\my_calc.ui">
      <Filter>Form Files</Filter>
    </QtUic>
  </ItemGroup>
</Project>